
Microsoft Visual Studio Solution File, Format Version 12.00
# Visual Studio Version 17
VisualStudioVersion = 17.5.33530.505
MinimumVisualStudioVersion = 10.0.40219.1
Project("{FAE04EC0-301F-11D3-BF4B-00C04F79EFBC}") = "D23", "D23\D23.csproj", "{D8903C88-F5DE-4B43-B73E-9D6CF095B552}"
EndProject
Global
	GlobalSection(SolutionConfigurationPlatforms) = preSolution
		Debug|Any CPU = Debug|Any CPU
		Release|Any CPU = Release|Any CPU
	EndGlobalSection
	GlobalSection(ProjectConfigurationPlatforms) = postSolution
		{D8903C88-F5DE-4B43-B73E-9D6CF095B552}.Debug|Any CPU.ActiveCfg = Debug|Any CPU
		{D8903C88-F5DE-4B43-B73E-9D6CF095B552}.Debug|Any CPU.Build.0 = Debug|Any CPU
		{D8903C88-F5DE-4B43-B73E-9D6CF095B552}.Release|Any CPU.ActiveCfg = Release|Any CPU
		{D8903C88-F5DE-4B43-B73E-9D6CF095B552}.Release|Any CPU.Build.0 = Release|Any CPU
	EndGlobalSection
	GlobalSection(SolutionProperties) = preSolution
		HideSolutionNode = FALSE
	EndGlobalSection
	GlobalSection(ExtensibilityGlobals) = postSolution
		SolutionGuid = {5A741B61-F555-4EA6-B71B-72891C92A248}
	EndGlobalSection
EndGlobal
