
Microsoft Visual Studio Solution File, Format Version 12.00
# Visual Studio Version 17
VisualStudioVersion = 17.4.33110.190
MinimumVisualStudioVersion = 10.0.40219.1
Project("{FAE04EC0-301F-11D3-BF4B-00C04F79EFBC}") = "D7", "D7\D7.csproj", "{45842E10-1CB2-48AC-92E1-7A2886982480}"
EndProject
Global
	GlobalSection(SolutionConfigurationPlatforms) = preSolution
		Debug|Any CPU = Debug|Any CPU
		Release|Any CPU = Release|Any CPU
	EndGlobalSection
	GlobalSection(ProjectConfigurationPlatforms) = postSolution
		{45842E10-1CB2-48AC-92E1-7A2886982480}.Debug|Any CPU.ActiveCfg = Debug|Any CPU
		{45842E10-1CB2-48AC-92E1-7A2886982480}.Debug|Any CPU.Build.0 = Debug|Any CPU
		{45842E10-1CB2-48AC-92E1-7A2886982480}.Release|Any CPU.ActiveCfg = Release|Any CPU
		{45842E10-1CB2-48AC-92E1-7A2886982480}.Release|Any CPU.Build.0 = Release|Any CPU
	EndGlobalSection
	GlobalSection(SolutionProperties) = preSolution
		HideSolutionNode = FALSE
	EndGlobalSection
	GlobalSection(ExtensibilityGlobals) = postSolution
		SolutionGuid = {1B878195-0828-478E-B86E-A5F653A29890}
	EndGlobalSection
EndGlobal
