
Microsoft Visual Studio Solution File, Format Version 12.00
# Visual Studio Version 17
VisualStudioVersion = 17.4.33110.190
MinimumVisualStudioVersion = 10.0.40219.1
Project("{FAE04EC0-301F-11D3-BF4B-00C04F79EFBC}") = "D01", "D1\D01.csproj", "{47BA1F5B-806C-4974-ADB0-57BE7F3A3C62}"
EndProject
Global
	GlobalSection(SolutionConfigurationPlatforms) = preSolution
		Debug|Any CPU = Debug|Any CPU
		Release|Any CPU = Release|Any CPU
	EndGlobalSection
	GlobalSection(ProjectConfigurationPlatforms) = postSolution
		{47BA1F5B-806C-4974-ADB0-57BE7F3A3C62}.Debug|Any CPU.ActiveCfg = Debug|Any CPU
		{47BA1F5B-806C-4974-ADB0-57BE7F3A3C62}.Debug|Any CPU.Build.0 = Debug|Any CPU
		{47BA1F5B-806C-4974-ADB0-57BE7F3A3C62}.Release|Any CPU.ActiveCfg = Release|Any CPU
		{47BA1F5B-806C-4974-ADB0-57BE7F3A3C62}.Release|Any CPU.Build.0 = Release|Any CPU
	EndGlobalSection
	GlobalSection(SolutionProperties) = preSolution
		HideSolutionNode = FALSE
	EndGlobalSection
	GlobalSection(ExtensibilityGlobals) = postSolution
		SolutionGuid = {D8B4FCBC-E2E0-401A-BC9A-3332F3992704}
	EndGlobalSection
EndGlobal
