
Microsoft Visual Studio Solution File, Format Version 12.00
# Visual Studio Version 17
VisualStudioVersion = 17.5.33530.505
MinimumVisualStudioVersion = 10.0.40219.1
Project("{FAE04EC0-301F-11D3-BF4B-00C04F79EFBC}") = "D25", "D25\D25.csproj", "{C433A9E0-AF61-4D93-A01C-823B6D71E5B9}"
EndProject
Global
	GlobalSection(SolutionConfigurationPlatforms) = preSolution
		Debug|Any CPU = Debug|Any CPU
		Release|Any CPU = Release|Any CPU
	EndGlobalSection
	GlobalSection(ProjectConfigurationPlatforms) = postSolution
		{C433A9E0-AF61-4D93-A01C-823B6D71E5B9}.Debug|Any CPU.ActiveCfg = Debug|Any CPU
		{C433A9E0-AF61-4D93-A01C-823B6D71E5B9}.Debug|Any CPU.Build.0 = Debug|Any CPU
		{C433A9E0-AF61-4D93-A01C-823B6D71E5B9}.Release|Any CPU.ActiveCfg = Release|Any CPU
		{C433A9E0-AF61-4D93-A01C-823B6D71E5B9}.Release|Any CPU.Build.0 = Release|Any CPU
	EndGlobalSection
	GlobalSection(SolutionProperties) = preSolution
		HideSolutionNode = FALSE
	EndGlobalSection
	GlobalSection(ExtensibilityGlobals) = postSolution
		SolutionGuid = {9007AE37-AB81-4762-9E8C-4649E274AF57}
	EndGlobalSection
EndGlobal
