
Microsoft Visual Studio Solution File, Format Version 12.00
# Visual Studio Version 17
VisualStudioVersion = 17.4.33110.190
MinimumVisualStudioVersion = 10.0.40219.1
Project("{FAE04EC0-301F-11D3-BF4B-00C04F79EFBC}") = "D13", "D13\D13.csproj", "{8378D9F1-FBE2-4057-B9A8-68B67E4BB890}"
EndProject
Global
	GlobalSection(SolutionConfigurationPlatforms) = preSolution
		Debug|Any CPU = Debug|Any CPU
		Release|Any CPU = Release|Any CPU
	EndGlobalSection
	GlobalSection(ProjectConfigurationPlatforms) = postSolution
		{8378D9F1-FBE2-4057-B9A8-68B67E4BB890}.Debug|Any CPU.ActiveCfg = Debug|Any CPU
		{8378D9F1-FBE2-4057-B9A8-68B67E4BB890}.Debug|Any CPU.Build.0 = Debug|Any CPU
		{8378D9F1-FBE2-4057-B9A8-68B67E4BB890}.Release|Any CPU.ActiveCfg = Release|Any CPU
		{8378D9F1-FBE2-4057-B9A8-68B67E4BB890}.Release|Any CPU.Build.0 = Release|Any CPU
	EndGlobalSection
	GlobalSection(SolutionProperties) = preSolution
		HideSolutionNode = FALSE
	EndGlobalSection
	GlobalSection(ExtensibilityGlobals) = postSolution
		SolutionGuid = {2CA76191-BB41-4D8D-85C9-03DE14A76ABA}
	EndGlobalSection
EndGlobal
